{
  "name": "bad-library",
  "version": "2.2.2",
  "lockfileVersion": 1,
  "requires": true,
  "dependencies": {
    "@material/animation": {
      "version": "0.25.0",
      "resolved": "https://registry.npmjs.org/@material/animation/-/animation-0.25.0.tgz",
      "integrity": "sha512-4RzlpMwJtMnQ3/rNf4zpG9qnoQcCkYiRs6U515MRQzv7qFl1eCZx3U3dGaUu7UVf3Hwx4RskUB/fBxGc0b61CQ=="
    },
    "@material/auto-init": {
      "version": "0.25.0",
      "resolved": "https://registry.npmjs.org/@material/auto-init/-/auto-init-0.25.0.tgz",
      "integrity": "sha512-5nZOslGcZUczKXfMPBze5fgAb3OAmoeGxm3h6x3QLZP7FMXgyRpofH6AGw5oDIiXmvSM8r2+sduwW9OfgMlTMA=="
    },
    "@material/base": {
      "version": "0.24.0",
      "resolved": "https://registry.npmjs.org/@material/base/-/base-0.24.0.tgz",
      "integrity": "sha512-RG1SbHl6M8a0fdrMAoMm7Fc8jkuj3HhZd0f8Dy5kfUtQk3I7PyzD+MLCrmCHgUAlKbcK2J9VxJWpd4isZr3x9w=="
    },
    "@material/button": {
      "version": "0.28.0",
      "resolved": "https://registry.npmjs.org/@material/button/-/button-0.28.0.tgz",
      "integrity": "sha512-8UG6ixCrQctZ4PrNGIhZtCCt+pVtJfLJXxZHJqIsZiX+nIOhg7g8fdhtZFCtntoMp5gVJAMlQluE6YDCX4GQAw==",
      "requires": {
        "@material/elevation": "0.28.0",
        "@material/ripple": "0.28.0",
        "@material/theme": "0.28.0",
        "@material/typography": "0.28.0"
      }
    },
    "@material/card": {
      "version": "0.28.0",
      "resolved": "https://registry.npmjs.org/@material/card/-/card-0.28.0.tgz",
      "integrity": "sha512-F7PkH51n/aFQcSbWHiWFmf5BN6ljpicJ5gJcKnEtKq/5yHBuojc5l8HTbm3DUD5OGAWqRcJztpg13sDL756aeg==",
      "requires": {
        "@material/elevation": "0.28.0",
        "@material/rtl": "0.1.8",
        "@material/theme": "0.28.0",
        "@material/typography": "0.28.0"
      }
    },
    "@material/checkbox": {
      "version": "0.28.0",
      "resolved": "https://registry.npmjs.org/@material/checkbox/-/checkbox-0.28.0.tgz",
      "integrity": "sha512-bVTQMhcHt0tJYu/mGKEaDo6+sP9iYU4v1mR/emyz/sgagP14jGC+Cp/ANiCnbP2uFsRniiL046TyKek8wVdzOQ==",
      "requires": {
        "@material/animation": "0.25.0",
        "@material/base": "0.24.0",
        "@material/ripple": "0.28.0",
        "@material/rtl": "0.1.8",
        "@material/selection-control": "0.28.0",
        "@material/theme": "0.28.0"
      }
    },
    "@material/dialog": {
      "version": "0.28.0",
      "resolved": "https://registry.npmjs.org/@material/dialog/-/dialog-0.28.0.tgz",
      "integrity": "sha512-0eiO6p5qUXY/YO7tc9uE3KF/+kmQ6CUAqMgktWoGqZ4g3E8pqac6813TX0Xbw37kOV4D7ZGEPmwrvrOzKqV2hg==",
      "requires": {
        "@material/animation": "0.25.0",
        "@material/base": "0.24.0",
        "@material/elevation": "0.28.0",
        "@material/ripple": "0.28.0",
        "@material/rtl": "0.1.8",
        "@material/theme": "0.28.0",
        "@material/typography": "0.1.1",
        "focus-trap": "2.4.2"
      },
      "dependencies": {
        "@material/typography": {
          "version": "0.1.1",
          "resolved": "https://registry.npmjs.org/@material/typography/-/typography-0.1.1.tgz",
          "integrity": "sha1-+y40N70yhNOen7kUhXZ63msr0ME="
        }
      }
    },
    "@material/drawer": {
      "version": "0.28.0",
      "resolved": "https://registry.npmjs.org/@material/drawer/-/drawer-0.28.0.tgz",
      "integrity": "sha512-g9u0GbAVfa6D8d0PUN4FsJPAzHaqpizm7gBSB8wDupeqfhyPfu/s/LHc6YkjJiymQq07+aExOSJh5EPzPP5R3Q==",
      "requires": {
        "@material/animation": "0.25.0",
        "@material/base": "0.24.0",
        "@material/elevation": "0.28.0",
        "@material/rtl": "0.1.8",
        "@material/theme": "0.28.0",
        "@material/typography": "0.28.0"
      }
    },
    "@material/elevation": {
      "version": "0.28.0",
      "resolved": "https://registry.npmjs.org/@material/elevation/-/elevation-0.28.0.tgz",
      "integrity": "sha512-U2utCuMDDhrJ8Cyisz16GAejN9h9xyS4jvVkt2uIOUyPZRjnaJyoAbpyf0mOzFxIdBuRpNGJYm2PoAwHsSA+xw==",
      "requires": {
        "@material/animation": "0.25.0",
        "@material/theme": "0.4.0"
      },
      "dependencies": {
        "@material/theme": {
          "version": "0.4.0",
          "resolved": "https://registry.npmjs.org/@material/theme/-/theme-0.4.0.tgz",
          "integrity": "sha1-Cu8aAnm2XBWZBYT7i47KCVxzRkE="
        }
      }
    },
    "@material/fab": {
      "version": "0.28.0",
      "resolved": "https://registry.npmjs.org/@material/fab/-/fab-0.28.0.tgz",
      "integrity": "sha512-Vcb6ehsw6KmW7s66wi3ZHya6QLB81g6awGEx+T1wi6b/RK9YJEPihgsHf3iCXWs3YIlBY8/9FSJdF6op/PB20Q==",
      "requires": {
        "@material/animation": "0.25.0",
        "@material/elevation": "0.28.0",
        "@material/ripple": "0.28.0",
        "@material/theme": "0.28.0"
      }
    },
    "@material/form-field": {
      "version": "0.28.0",
      "resolved": "https://registry.npmjs.org/@material/form-field/-/form-field-0.28.0.tgz",
      "integrity": "sha512-Bj+jZHUGKICXqQ47rN6qrwUOf9g3sAUvQ4EtDAAiz7z1z09YvwpgFcsJUDm5NDG64QLo3E0F1jhG9OTDAmE+dA==",
      "requires": {
        "@material/base": "0.24.0",
        "@material/rtl": "0.1.8",
        "@material/selection-control": "0.28.0",
        "@material/theme": "0.28.0",
        "@material/typography": "0.28.0"
      }
    },
    "@material/grid-list": {
      "version": "0.28.0",
      "resolved": "https://registry.npmjs.org/@material/grid-list/-/grid-list-0.28.0.tgz",
      "integrity": "sha512-CxXbpcjlj2E4h79kEoisfWpa3UN7Sk3VFYaMLT+XM2IZQoETLB707xzusbWyKD4/8vMOO4FRMU1dyq1Ezp++Sg==",
      "requires": {
        "@material/base": "0.24.0",
        "@material/rtl": "0.1.8",
        "@material/theme": "0.28.0",
        "@material/typography": "0.28.0"
      }
    },
    "@material/icon-toggle": {
      "version": "0.28.0",
      "resolved": "https://registry.npmjs.org/@material/icon-toggle/-/icon-toggle-0.28.0.tgz",
      "integrity": "sha512-aiV4dbc8i+qvpRgZgAeEnNZYp5wO5V/tOveWLESqjpAOUNgqEXOeorGk2I6LBSz5kzhduwm2KWu5iqPz1JGiPg==",
      "requires": {
        "@material/animation": "0.25.0",
        "@material/base": "0.24.0",
        "@material/ripple": "0.28.0",
        "@material/theme": "0.28.0"
      }
    },
    "@material/layout-grid": {
      "version": "0.24.0",
      "resolved": "https://registry.npmjs.org/@material/layout-grid/-/layout-grid-0.24.0.tgz",
      "integrity": "sha512-38Si5CQgRkQwTSVb+lfCZkH8QEe1/HWfj2yNmK5OIFRMBFbSjQRsvf3p+aU1R7fM4TDjNKcgUWqRtBnKuUjNCQ=="
    },
    "@material/linear-progress": {
      "version": "0.28.0",
      "resolved": "https://registry.npmjs.org/@material/linear-progress/-/linear-progress-0.28.0.tgz",
      "integrity": "sha512-n55P38nORUybeNAh55qCwVSDrQp75KQgS6zrDbvI/pkniPVLZQzevniCRVWew47FD9n84W1PsKHGedacaGVlOw==",
      "requires": {
        "@material/animation": "0.25.0",
        "@material/base": "0.24.0",
        "@material/theme": "0.28.0"
      }
    },
    "@material/list": {
      "version": "0.28.0",
      "resolved": "https://registry.npmjs.org/@material/list/-/list-0.28.0.tgz",
      "integrity": "sha512-jRRPUnUF1mz2gdlXCNF+9m2bwsjCdefWBqXdFtDCeavn1LcffGoWHbNXI0grcZyeVmZ4qWFa9tOcQ1giqbUieQ==",
      "requires": {
        "@material/ripple": "0.28.0",
        "@material/rtl": "0.1.8",
        "@material/theme": "0.28.0",
        "@material/typography": "0.28.0"
      }
    },
    "@material/menu": {
      "version": "0.28.0",
      "resolved": "https://registry.npmjs.org/@material/menu/-/menu-0.28.0.tgz",
      "integrity": "sha512-DMyRqfHcfu+GgO1JzAo8auSwtg6RKZFeaGjowDKvEviZd4XONE8gh+hr0odAWYKOojtDMRpGM94BS2velu0lEw==",
      "requires": {
        "@material/animation": "0.25.0",
        "@material/base": "0.24.0",
        "@material/elevation": "0.28.0",
        "@material/theme": "0.28.0",
        "@material/typography": "0.28.0"
      }
    },
    "@material/radio": {
      "version": "0.28.0",
      "resolved": "https://registry.npmjs.org/@material/radio/-/radio-0.28.0.tgz",
      "integrity": "sha512-V/oQky6B9ueRoG+7/XmmuSKcGsTTH8guEc0TgvOVtxQ1IYWo3eqCikSRJc13tkdozc8zHvwXz7UC292Vf4dUKg==",
      "requires": {
        "@material/animation": "0.25.0",
        "@material/base": "0.24.0",
        "@material/ripple": "0.28.0",
        "@material/selection-control": "0.28.0",
        "@material/theme": "0.28.0"
      }
    },
    "@material/ripple": {
      "version": "0.28.0",
      "resolved": "https://registry.npmjs.org/@material/ripple/-/ripple-0.28.0.tgz",
      "integrity": "sha512-CBAs4H5QeohIhGLGuAtQvAedkT26kfdmWmAEV9+mKepzOFdO47KmJfuJwUzlCPgYnKq1a1NzYItwJGxJNNG/oA==",
      "requires": {
        "@material/base": "0.24.0",
        "@material/theme": "0.28.0"
      }
    },
    "@material/rtl": {
      "version": "0.1.8",
      "resolved": "https://registry.npmjs.org/@material/rtl/-/rtl-0.1.8.tgz",
      "integrity": "sha512-NzBobwxvhJg+dch99pVO+Z9HL1DM+esuIy5WYXgM7trfOVh8n9DkVo5vD/NKnDy6F5wCaRnJOI5T19Tev6c9Zw=="
    },
    "@material/select": {
      "version": "0.28.0",
      "resolved": "https://registry.npmjs.org/@material/select/-/select-0.28.0.tgz",
      "integrity": "sha512-lxZ73bvFoik4OIzXvaBEZTNBnAuSPGg3rKxrXBd+Nb57UQi57kuEBPCSSp+TiE6wLKPkgj3DlAKhLgJtd3ZCXg==",
      "requires": {
        "@material/animation": "0.25.0",
        "@material/base": "0.24.0",
        "@material/list": "0.28.0",
        "@material/menu": "0.28.0",
        "@material/ripple": "0.28.0",
        "@material/rtl": "0.1.8",
        "@material/theme": "0.28.0",
        "@material/typography": "0.28.0"
      }
    },
    "@material/selection-control": {
      "version": "0.28.0",
      "resolved": "https://registry.npmjs.org/@material/selection-control/-/selection-control-0.28.0.tgz",
      "integrity": "sha512-2F8sfwLC0iNti7xl5KuyDGxRvR6cy7oPIXSkbHrd9P29V1kyVtbJYyAvKZ1sBV/7JX01oNCsspYMZOzphaaEuA==",
      "requires": {
        "@material/ripple": "0.28.0"
      }
    },
    "@material/slider": {
      "version": "0.28.0",
      "resolved": "https://registry.npmjs.org/@material/slider/-/slider-0.28.0.tgz",
      "integrity": "sha512-aCF4WyFRu7TSr/n2AjhAJKGobck5KFJ2QG0RNXcdBOAteuFZMy6/mcbpzQbHdW+RJPLWGYtxLiVsJJBaGQmSJQ==",
      "requires": {
        "@material/animation": "0.25.0",
        "@material/base": "0.24.0",
        "@material/rtl": "0.1.8",
        "@material/theme": "0.28.0"
      }
    },
    "@material/snackbar": {
      "version": "0.28.0",
      "resolved": "https://registry.npmjs.org/@material/snackbar/-/snackbar-0.28.0.tgz",
      "integrity": "sha512-PIJaH52x5/WaYikSYofeLUt2AHHvQGvW+JhMXGBgJ7xCCibIlDL6LgZkIfG5RigT/eB1ly/ZTJywJBZ+TMEbaw==",
      "requires": {
        "@material/animation": "0.25.0",
        "@material/base": "0.24.0",
        "@material/rtl": "0.1.8",
        "@material/theme": "0.28.0",
        "@material/typography": "0.28.0"
      }
    },
    "@material/switch": {
      "version": "0.28.0",
      "resolved": "https://registry.npmjs.org/@material/switch/-/switch-0.28.0.tgz",
      "integrity": "sha512-EzIDok7Zav8h/c+9ZKd+JLRXhDdRfyhl/zKRrYj1X51titqhj/Ti1dHvLUVbKTJBPuhLXG5UQLMHoo1G3PLotA==",
      "requires": {
        "@material/animation": "0.25.0",
        "@material/elevation": "0.28.0",
        "@material/theme": "0.28.0"
      }
    },
    "@material/tabs": {
      "version": "0.28.0",
      "resolved": "https://registry.npmjs.org/@material/tabs/-/tabs-0.28.0.tgz",
      "integrity": "sha512-WBXsRUQQio11gwqjE1DoRq7B1Bzgp61p5bQsTdK2Nxwac63ua3ScVnW3jP2ne8JwedH4lc2lY6UKkQdzBxPZbQ==",
      "requires": {
        "@material/animation": "0.25.0",
        "@material/base": "0.24.0",
        "@material/ripple": "0.28.0",
        "@material/rtl": "0.1.8",
        "@material/theme": "0.28.0",
        "@material/typography": "0.28.0"
      }
    },
    "@material/textfield": {
      "version": "0.28.0",
      "resolved": "https://registry.npmjs.org/@material/textfield/-/textfield-0.28.0.tgz",
      "integrity": "sha512-CwyUHfWkAHSk2YdDBtnMBPIqgaioqovCwrM9gM6rx45w7JU0rawsiZcxhuoro4PF4B+gukSATvsg0zKzLgOCsg==",
      "requires": {
        "@material/animation": "0.25.0",
        "@material/base": "0.24.0",
        "@material/ripple": "0.28.0",
        "@material/rtl": "0.1.8",
        "@material/theme": "0.28.0",
        "@material/typography": "0.28.0"
      }
    },
    "@material/theme": {
      "version": "0.28.0",
      "resolved": "https://registry.npmjs.org/@material/theme/-/theme-0.28.0.tgz",
      "integrity": "sha512-hmlnXFIMGxhLWLNkaYFOQ4rqJhwanPZoHLziHfBDmbeAdfa03aJnIr2JVohmQkmOINA1UlIcTK5QAJAAaOJ47w=="
    },
    "@material/toolbar": {
      "version": "0.28.0",
      "resolved": "https://registry.npmjs.org/@material/toolbar/-/toolbar-0.28.0.tgz",
      "integrity": "sha512-XGbIcjKu9KtDOd9CBup33vOz5O9N/fJfN6Ux6gkBLqTONDoL3XIVoEi0/bFoOstYtDXUwhQWpzlEUSNA7068Kw==",
      "requires": {
        "@material/base": "0.24.0",
        "@material/elevation": "0.28.0",
        "@material/rtl": "0.1.8",
        "@material/theme": "0.28.0",
        "@material/typography": "0.28.0"
      }
    },
    "@material/typography": {
      "version": "0.28.0",
      "resolved": "https://registry.npmjs.org/@material/typography/-/typography-0.28.0.tgz",
      "integrity": "sha512-Cz8XxO/bocChQAM87xTAN9CM31Q04FgW0N4lSQWyha2PAK/LdtfjjWFPZWNZKyQbZJBNjINbE3/PqMnWDTd4cQ=="
    },
    "ajv": {
      "version": "4.11.8",
      "resolved": "https://registry.npmjs.org/ajv/-/ajv-4.11.8.tgz",
      "integrity": "sha1-gv+wKynmYq5TvcIK8VlHcGc5xTY=",
      "dev": true,
      "optional": true,
      "requires": {
        "co": "4.6.0",
        "json-stable-stringify": "1.0.1"
      }
    },
    "amdefine": {
      "version": "1.0.1",
      "resolved": "https://registry.npmjs.org/amdefine/-/amdefine-1.0.1.tgz",
      "integrity": "sha1-SlKCrBZHKek2Gbz9OtFR+BfOkfU=",
      "dev": true
    },
    "ansi-regex": {
      "version": "2.1.1",
      "resolved": "https://registry.npmjs.org/ansi-regex/-/ansi-regex-2.1.1.tgz",
      "integrity": "sha1-w7M6te42DYbg5ijwRorn7yfWVN8=",
      "dev": true
    },
    "ansi-styles": {
      "version": "2.2.1",
      "resolved": "https://registry.npmjs.org/ansi-styles/-/ansi-styles-2.2.1.tgz",
      "integrity": "sha1-tDLdM1i2NM914eRmQ2gkBTPB3b4=",
      "dev": true
    },
    "asap": {
      "version": "2.0.6",
      "resolved": "https://registry.npmjs.org/asap/-/asap-2.0.6.tgz",
      "integrity": "sha1-5QNHYR1+aQlDIIu9r+vLwvuGbUY=",
      "dev": true,
      "optional": true
    },
    "asn1": {
      "version": "0.2.3",
      "resolved": "https://registry.npmjs.org/asn1/-/asn1-0.2.3.tgz",
      "integrity": "sha1-2sh4dxPJlmhJ/IGAd36+nB3fO4Y=",
      "dev": true,
      "optional": true
    },
    "assert-plus": {
      "version": "0.2.0",
      "resolved": "https://registry.npmjs.org/assert-plus/-/assert-plus-0.2.0.tgz",
      "integrity": "sha1-104bh+ev/A24qttwIfP+SBAasjQ=",
      "dev": true,
      "optional": true
    },
    "asynckit": {
      "version": "0.4.0",
      "resolved": "https://registry.npmjs.org/asynckit/-/asynckit-0.4.0.tgz",
      "integrity": "sha1-x57Zf380y48robyXkLzDZkdLS3k=",
      "dev": true,
      "optional": true
    },
    "aws-sign2": {
      "version": "0.6.0",
      "resolved": "https://registry.npmjs.org/aws-sign2/-/aws-sign2-0.6.0.tgz",
      "integrity": "sha1-FDQt0428yU0OW4fXY81jYSwOeU8=",
      "dev": true,
      "optional": true
    },
    "aws4": {
      "version": "1.6.0",
      "resolved": "https://registry.npmjs.org/aws4/-/aws4-1.6.0.tgz",
      "integrity": "sha1-g+9cqGCysy5KDe7e6MdxudtXRx4=",
      "dev": true,
      "optional": true
    },
    "balanced-match": {
      "version": "1.0.0",
      "resolved": "https://registry.npmjs.org/balanced-match/-/balanced-match-1.0.0.tgz",
      "integrity": "sha1-ibTRmasr7kneFk6gK4nORi1xt2c=",
      "dev": true
    },
    "bcrypt-pbkdf": {
      "version": "1.0.1",
      "resolved": "https://registry.npmjs.org/bcrypt-pbkdf/-/bcrypt-pbkdf-1.0.1.tgz",
      "integrity": "sha1-Y7xdy2EzG5K8Bf1SiVPDNGKgb40=",
      "dev": true,
      "optional": true,
      "requires": {
        "tweetnacl": "0.14.5"
      }
    },
    "be-sert": {
      "version": "1.1.0",
      "resolved": "https://registry.npmjs.org/be-sert/-/be-sert-1.1.0.tgz",
      "integrity": "sha1-imnSdNcw9LO1NP/vqTBOgMbT52A=",
      "dev": true,
      "requires": {
        "simple-typechecks": "1.0.0"
      }
    },
    "boom": {
      "version": "2.10.1",
      "resolved": "https://registry.npmjs.org/boom/-/boom-2.10.1.tgz",
      "integrity": "sha1-OciRjO/1eZ+D+UkqhI9iWt0Mdm8=",
      "dev": true,
      "requires": {
        "hoek": "2.16.3"
      }
    },
    "brace-expansion": {
      "version": "1.1.8",
      "resolved": "https://registry.npmjs.org/brace-expansion/-/brace-expansion-1.1.8.tgz",
      "integrity": "sha1-wHshHHyVLsH479Uad+8NHTmQopI=",
      "dev": true,
      "requires": {
        "balanced-match": "1.0.0",
        "concat-map": "0.0.1"
      }
    },
    "browser-stdout": {
      "version": "1.3.0",
      "resolved": "https://registry.npmjs.org/browser-stdout/-/browser-stdout-1.3.0.tgz",
      "integrity": "sha1-81HTKWnTL6XXpVZxVCY9korjvR8=",
      "dev": true
    },
    "caseless": {
      "version": "0.12.0",
      "resolved": "https://registry.npmjs.org/caseless/-/caseless-0.12.0.tgz",
      "integrity": "sha1-G2gcIf+EAzyCZUMJBolCDRhxUdw=",
      "dev": true,
      "optional": true
    },
    "chalk": {
      "version": "1.1.3",
      "resolved": "https://registry.npmjs.org/chalk/-/chalk-1.1.3.tgz",
      "integrity": "sha1-qBFcVeSnAv5NFQq9OHKCKn4J/Jg=",
      "dev": true,
      "requires": {
        "ansi-styles": "2.2.1",
        "escape-string-regexp": "1.0.5",
        "has-ansi": "2.0.0",
        "strip-ansi": "3.0.1",
        "supports-color": "2.0.0"
      }
    },
    "clean-css": {
      "version": "3.4.26",
      "resolved": "https://registry.npmjs.org/clean-css/-/clean-css-3.4.26.tgz",
      "integrity": "sha1-VTI7NE/zvO5oSi6sgck9+Ppz3us=",
      "dev": true,
      "requires": {
        "commander": "2.8.1",
        "source-map": "0.4.4"
      },
      "dependencies": {
        "source-map": {
          "version": "0.4.4",
          "resolved": "https://registry.npmjs.org/source-map/-/source-map-0.4.4.tgz",
          "integrity": "sha1-66T12pwNyZneaAMti092FzZSA2s=",
          "dev": true,
          "requires": {
            "amdefine": "1.0.1"
          }
        }
      }
    },
    "clone": {
      "version": "2.1.1",
      "resolved": "https://registry.npmjs.org/clone/-/clone-2.1.1.tgz",
      "integrity": "sha1-0hfR6WERjjrJpLi7oyhVU79kfNs=",
      "dev": true
    },
    "clone-buffer": {
      "version": "1.0.0",
      "resolved": "https://registry.npmjs.org/clone-buffer/-/clone-buffer-1.0.0.tgz",
      "integrity": "sha1-4+JbIHrE5wGvch4staFnksrD3Fg=",
      "dev": true
    },
    "clone-stats": {
      "version": "1.0.0",
      "resolved": "https://registry.npmjs.org/clone-stats/-/clone-stats-1.0.0.tgz",
      "integrity": "sha1-s3gt/4u1R04Yuba/D9/ngvh3doA=",
      "dev": true
    },
    "cloneable-readable": {
      "version": "1.0.0",
      "resolved": "https://registry.npmjs.org/cloneable-readable/-/cloneable-readable-1.0.0.tgz",
      "integrity": "sha1-pikNQT8hemEjL5XkWP84QYz7ARc=",
      "dev": true,
      "requires": {
        "inherits": "2.0.3",
        "process-nextick-args": "1.0.7",
        "through2": "2.0.3"
      }
    },
    "co": {
      "version": "4.6.0",
      "resolved": "https://registry.npmjs.org/co/-/co-4.6.0.tgz",
      "integrity": "sha1-bqa989hTrlTMuOR7+gvz+QMfsYQ=",
      "dev": true,
      "optional": true
    },
    "combined-stream": {
      "version": "1.0.5",
      "resolved": "https://registry.npmjs.org/combined-stream/-/combined-stream-1.0.5.tgz",
      "integrity": "sha1-k4NwpXtKUd6ix3wV1cX9+JUWQAk=",
      "dev": true,
      "requires": {
        "delayed-stream": "1.0.0"
      }
    },
    "commander": {
      "version": "2.8.1",
      "resolved": "https://registry.npmjs.org/commander/-/commander-2.8.1.tgz",
      "integrity": "sha1-Br42f+v9oMMwqh4qBy09yXYkJdQ=",
      "dev": true,
      "requires": {
        "graceful-readlink": "1.0.1"
      }
    },
    "concat-map": {
      "version": "0.0.1",
      "resolved": "https://registry.npmjs.org/concat-map/-/concat-map-0.0.1.tgz",
      "integrity": "sha1-2Klr13/Wjfd5OnMDajug1UBdR3s=",
      "dev": true
    },
    "core-util-is": {
      "version": "1.0.2",
      "resolved": "https://registry.npmjs.org/core-util-is/-/core-util-is-1.0.2.tgz",
      "integrity": "sha1-tf1UIgqivFq1eqtxQMlAdUUDwac=",
      "dev": true
    },
    "cryptiles": {
      "version": "2.0.5",
      "resolved": "https://registry.npmjs.org/cryptiles/-/cryptiles-2.0.5.tgz",
      "integrity": "sha1-O9/s3GCBR8HGcgL6KR59ylnqo7g=",
      "dev": true,
      "optional": true,
      "requires": {
        "boom": "2.10.1"
      }
    },
    "dashdash": {
      "version": "1.14.1",
      "resolved": "https://registry.npmjs.org/dashdash/-/dashdash-1.14.1.tgz",
      "integrity": "sha1-hTz6D3y+L+1d4gMmuN1YEDX24vA=",
      "dev": true,
      "optional": true,
      "requires": {
        "assert-plus": "1.0.0"
      },
      "dependencies": {
        "assert-plus": {
          "version": "1.0.0",
          "resolved": "https://registry.npmjs.org/assert-plus/-/assert-plus-1.0.0.tgz",
          "integrity": "sha1-8S4PPF13sLHN2RRpQuTpbB5N1SU=",
          "dev": true,
          "optional": true
        }
      }
    },
    "debug": {
      "version": "3.1.0",
      "resolved": "https://registry.npmjs.org/debug/-/debug-3.1.0.tgz",
      "integrity": "sha512-OX8XqP7/1a9cqkxYw2yXss15f26NKWBpDXQd0/uK/KPqdQhxbPa994hnzjcE2VqQpDslf55723cKPUOGSmMY3g==",
      "dev": true,
      "requires": {
        "ms": "2.0.0"
      }
    },
    "delayed-stream": {
      "version": "1.0.0",
      "resolved": "https://registry.npmjs.org/delayed-stream/-/delayed-stream-1.0.0.tgz",
      "integrity": "sha1-3zrhmayt+31ECqrgsp4icrJOxhk=",
      "dev": true
    },
    "diff": {
      "version": "3.3.1",
      "resolved": "https://registry.npmjs.org/diff/-/diff-3.3.1.tgz",
      "integrity": "sha512-MKPHZDMB0o6yHyDryUOScqZibp914ksXwAMYMTHj6KO8UeKsRYNJD3oNCKjTqZon+V488P7N/HzXF8t7ZR95ww==",
      "dev": true
    },
    "ecc-jsbn": {
      "version": "0.1.1",
      "resolved": "https://registry.npmjs.org/ecc-jsbn/-/ecc-jsbn-0.1.1.tgz",
      "integrity": "sha1-D8c6ntXw1Tw4GTOYUj735UN3dQU=",
      "dev": true,
      "optional": true,
      "requires": {
        "jsbn": "0.1.1"
      }
    },
    "errno": {
      "version": "0.1.6",
      "resolved": "https://registry.npmjs.org/errno/-/errno-0.1.6.tgz",
      "integrity": "sha512-IsORQDpaaSwcDP4ZZnHxgE85werpo34VYn1Ud3mq+eUsF593faR8oCZNXrROVkpFu2TsbrNhHin0aUrTsQ9vNw==",
      "dev": true,
      "optional": true,
      "requires": {
        "prr": "1.0.1"
      }
    },
    "escape-string-regexp": {
      "version": "1.0.5",
      "resolved": "https://registry.npmjs.org/escape-string-regexp/-/escape-string-regexp-1.0.5.tgz",
      "integrity": "sha1-G2HAViGQqN/2rjuyzwIAyhMLhtQ=",
      "dev": true
    },
    "extend": {
      "version": "3.0.1",
      "resolved": "https://registry.npmjs.org/extend/-/extend-3.0.1.tgz",
      "integrity": "sha1-p1Xqe8Gt/MWjHOfnYtuq3F5jZEQ=",
      "dev": true,
      "optional": true
    },
    "extsprintf": {
      "version": "1.3.0",
      "resolved": "https://registry.npmjs.org/extsprintf/-/extsprintf-1.3.0.tgz",
      "integrity": "sha1-lpGEQOMEGnpBT4xS48V06zw+HgU=",
      "dev": true
    },
    "focus-trap": {
      "version": "2.4.2",
      "resolved": "https://registry.npmjs.org/focus-trap/-/focus-trap-2.4.2.tgz",
      "integrity": "sha512-SAeF7QzsGlG1RmdmBM5hsnwNGyOUak6f75LB8mIvj1gi63MGMtcbkaqNkMqLnMI8aQaQcdMVCSYaKLJZECIUmw==",
      "requires": {
        "tabbable": "1.1.2"
      }
    },
    "forever-agent": {
      "version": "0.6.1",
      "resolved": "https://registry.npmjs.org/forever-agent/-/forever-agent-0.6.1.tgz",
      "integrity": "sha1-+8cfDEGt6zf5bFd60e1C2P2sypE=",
      "dev": true,
      "optional": true
    },
    "form-data": {
      "version": "2.1.4",
      "resolved": "https://registry.npmjs.org/form-data/-/form-data-2.1.4.tgz",
      "integrity": "sha1-M8GDrPGTJ27KqYFDpp6Uv+4XUNE=",
      "dev": true,
      "optional": true,
      "requires": {
        "asynckit": "0.4.0",
        "combined-stream": "1.0.5",
        "mime-types": "2.1.17"
      }
    },
    "fs.realpath": {
      "version": "1.0.0",
      "resolved": "https://registry.npmjs.org/fs.realpath/-/fs.realpath-1.0.0.tgz",
      "integrity": "sha1-FQStJSMVjKpA20onh8sBQRmU6k8=",
      "dev": true
    },
    "getpass": {
      "version": "0.1.7",
      "resolved": "https://registry.npmjs.org/getpass/-/getpass-0.1.7.tgz",
      "integrity": "sha1-Xv+OPmhNVprkyysSgmBOi6YhSfo=",
      "dev": true,
      "optional": true,
      "requires": {
        "assert-plus": "1.0.0"
      },
      "dependencies": {
        "assert-plus": {
          "version": "1.0.0",
          "resolved": "https://registry.npmjs.org/assert-plus/-/assert-plus-1.0.0.tgz",
          "integrity": "sha1-8S4PPF13sLHN2RRpQuTpbB5N1SU=",
          "dev": true,
          "optional": true
        }
      }
    },
    "glob": {
      "version": "7.1.2",
      "resolved": "https://registry.npmjs.org/glob/-/glob-7.1.2.tgz",
      "integrity": "sha512-MJTUg1kjuLeQCJ+ccE4Vpa6kKVXkPYJ2mOCQyUuKLcLQsdrMCpBPUi8qVE6+YuaJkozeA9NusTAw3hLr8Xe5EQ==",
      "dev": true,
      "requires": {
        "fs.realpath": "1.0.0",
        "inflight": "1.0.6",
        "inherits": "2.0.3",
        "minimatch": "3.0.4",
        "once": "1.4.0",
        "path-is-absolute": "1.0.1"
      }
    },
    "google-closure-compiler": {
      "version": "20180101.0.0",
      "resolved": "https://registry.npmjs.org/google-closure-compiler/-/google-closure-compiler-20180101.0.0.tgz",
      "integrity": "sha1-0dgX3GDgCL6UthvnBzqmPpKXjmQ=",
      "dev": true,
      "requires": {
        "chalk": "1.1.3",
        "vinyl": "2.1.0",
        "vinyl-sourcemaps-apply": "0.2.1"
      }
    },
    "google-closure-library": {
      "version": "20171203.0.0",
      "resolved": "https://registry.npmjs.org/google-closure-library/-/google-closure-library-20171203.0.0.tgz",
      "integrity": "sha1-50ZFFT4w8Wl/nRmbxbLMmYhPkuo=",
      "dev": true
    },
    "graceful-fs": {
      "version": "4.1.11",
      "resolved": "https://registry.npmjs.org/graceful-fs/-/graceful-fs-4.1.11.tgz",
      "integrity": "sha1-Dovf5NHduIVNZOBOp8AOKgJuVlg=",
      "dev": true,
      "optional": true
    },
    "graceful-readlink": {
      "version": "1.0.1",
      "resolved": "https://registry.npmjs.org/graceful-readlink/-/graceful-readlink-1.0.1.tgz",
      "integrity": "sha1-TK+tdrxi8C+gObL5Tpo906ORpyU=",
      "dev": true
    },
    "growl": {
      "version": "1.10.3",
      "resolved": "https://registry.npmjs.org/growl/-/growl-1.10.3.tgz",
      "integrity": "sha512-hKlsbA5Vu3xsh1Cg3J7jSmX/WaW6A5oBeqzM88oNbCRQFz+zUaXm6yxS4RVytp1scBoJzSYl4YAEOQIt6O8V1Q==",
      "dev": true
    },
    "har-schema": {
      "version": "1.0.5",
      "resolved": "https://registry.npmjs.org/har-schema/-/har-schema-1.0.5.tgz",
      "integrity": "sha1-0mMTX0MwfALGAq/I/pWXDAFRNp4=",
      "dev": true,
      "optional": true
    },
    "har-validator": {
      "version": "4.2.1",
      "resolved": "https://registry.npmjs.org/har-validator/-/har-validator-4.2.1.tgz",
      "integrity": "sha1-M0gdDxu/9gDdID11gSpqX7oALio=",
      "dev": true,
      "optional": true,
      "requires": {
        "ajv": "4.11.8",
        "har-schema": "1.0.5"
      }
    },
    "has-ansi": {
      "version": "2.0.0",
      "resolved": "https://registry.npmjs.org/has-ansi/-/has-ansi-2.0.0.tgz",
      "integrity": "sha1-NPUEnOHs3ysGSa8+8k5F7TVBbZE=",
      "dev": true,
      "requires": {
        "ansi-regex": "2.1.1"
      }
    },
    "has-flag": {
      "version": "2.0.0",
      "resolved": "https://registry.npmjs.org/has-flag/-/has-flag-2.0.0.tgz",
      "integrity": "sha1-6CB68cx7MNRGzHC3NLXovhj4jVE=",
      "dev": true
    },
    "hawk": {
      "version": "3.1.3",
      "resolved": "https://registry.npmjs.org/hawk/-/hawk-3.1.3.tgz",
      "integrity": "sha1-B4REvXwWQLD+VA0sm3PVlnjo4cQ=",
      "dev": true,
      "optional": true,
      "requires": {
        "boom": "2.10.1",
        "cryptiles": "2.0.5",
        "hoek": "2.16.3",
        "sntp": "1.0.9"
      }
    },
    "he": {
      "version": "1.1.1",
      "resolved": "https://registry.npmjs.org/he/-/he-1.1.1.tgz",
      "integrity": "sha1-k0EP0hsAlzUVH4howvJx80J+I/0=",
      "dev": true
    },
    "hoek": {
      "version": "2.16.3",
      "resolved": "https://registry.npmjs.org/hoek/-/hoek-2.16.3.tgz",
      "integrity": "sha1-ILt0A9POo5jpHcRxCo/xuCdKJe0=",
      "dev": true
    },
    "http-signature": {
      "version": "1.1.1",
      "resolved": "https://registry.npmjs.org/http-signature/-/http-signature-1.1.1.tgz",
      "integrity": "sha1-33LiZwZs0Kxn+3at+OE0qPvPkb8=",
      "dev": true,
      "optional": true,
      "requires": {
        "assert-plus": "0.2.0",
        "jsprim": "1.4.1",
        "sshpk": "1.13.1"
      }
    },
    "image-size": {
      "version": "0.5.5",
      "resolved": "https://registry.npmjs.org/image-size/-/image-size-0.5.5.tgz",
      "integrity": "sha1-Cd/Uq50g4p6xw+gLiZA3jfnjy5w=",
      "dev": true,
      "optional": true
    },
    "inflight": {
      "version": "1.0.6",
      "resolved": "https://registry.npmjs.org/inflight/-/inflight-1.0.6.tgz",
      "integrity": "sha1-Sb1jMdfQLQwJvJEKEHW6gWW1bfk=",
      "dev": true,
      "requires": {
        "once": "1.4.0",
        "wrappy": "1.0.2"
      }
    },
    "inherits": {
      "version": "2.0.3",
      "resolved": "https://registry.npmjs.org/inherits/-/inherits-2.0.3.tgz",
      "integrity": "sha1-Yzwsg+PaQqUC9SRmAiSA9CCCYd4=",
      "dev": true
    },
    "is": {
      "version": "3.2.1",
      "resolved": "https://registry.npmjs.org/is/-/is-3.2.1.tgz",
      "integrity": "sha1-0Kwq1V63sL7JJqUmb2xmKqqD3KU=",
      "dev": true
    },
    "is-typedarray": {
      "version": "1.0.0",
      "resolved": "https://registry.npmjs.org/is-typedarray/-/is-typedarray-1.0.0.tgz",
      "integrity": "sha1-5HnICFjfDBsR3dppQPlgEfzaSpo=",
      "dev": true,
      "optional": true
    },
    "isarray": {
      "version": "1.0.0",
      "resolved": "https://registry.npmjs.org/isarray/-/isarray-1.0.0.tgz",
      "integrity": "sha1-u5NdSFgsuhaMBoNJV6VKPgcSTxE=",
      "dev": true
    },
    "isstream": {
      "version": "0.1.2",
      "resolved": "https://registry.npmjs.org/isstream/-/isstream-0.1.2.tgz",
      "integrity": "sha1-R+Y/evVa+m+S4VAOaQ64uFKcCZo=",
      "dev": true,
      "optional": true
    },
    "jsbn": {
      "version": "0.1.1",
      "resolved": "https://registry.npmjs.org/jsbn/-/jsbn-0.1.1.tgz",
      "integrity": "sha1-peZUwuWi3rXyAdls77yoDA7y9RM=",
      "dev": true,
      "optional": true
    },
    "json-schema": {
      "version": "0.2.3",
      "resolved": "https://registry.npmjs.org/json-schema/-/json-schema-0.2.3.tgz",
      "integrity": "sha1-tIDIkuWaLwWVTOcnvT8qTogvnhM=",
      "dev": true,
      "optional": true
    },
    "json-stable-stringify": {
      "version": "1.0.1",
      "resolved": "https://registry.npmjs.org/json-stable-stringify/-/json-stable-stringify-1.0.1.tgz",
      "integrity": "sha1-mnWdOcXy/1A/1TAGRu1EX4jE+a8=",
      "dev": true,
      "optional": true,
      "requires": {
        "jsonify": "0.0.0"
      }
    },
    "json-stringify-safe": {
      "version": "5.0.1",
      "resolved": "https://registry.npmjs.org/json-stringify-safe/-/json-stringify-safe-5.0.1.tgz",
      "integrity": "sha1-Epai1Y/UXxmg9s4B1lcB4sc1tus=",
      "dev": true,
      "optional": true
    },
    "jsonify": {
      "version": "0.0.0",
      "resolved": "https://registry.npmjs.org/jsonify/-/jsonify-0.0.0.tgz",
      "integrity": "sha1-LHS27kHZPKUbe1qu6PUDYx0lKnM=",
      "dev": true,
      "optional": true
    },
    "jsprim": {
      "version": "1.4.1",
      "resolved": "https://registry.npmjs.org/jsprim/-/jsprim-1.4.1.tgz",
      "integrity": "sha1-MT5mvB5cwG5Di8G3SZwuXFastqI=",
      "dev": true,
      "optional": true,
      "requires": {
        "assert-plus": "1.0.0",
        "extsprintf": "1.3.0",
        "json-schema": "0.2.3",
        "verror": "1.10.0"
      },
      "dependencies": {
        "assert-plus": {
          "version": "1.0.0",
          "resolved": "https://registry.npmjs.org/assert-plus/-/assert-plus-1.0.0.tgz",
          "integrity": "sha1-8S4PPF13sLHN2RRpQuTpbB5N1SU=",
          "dev": true,
          "optional": true
        }
      }
    },
    "less": {
      "version": "2.7.3",
      "resolved": "https://registry.npmjs.org/less/-/less-2.7.3.tgz",
      "integrity": "sha512-KPdIJKWcEAb02TuJtaLrhue0krtRLoRoo7x6BNJIBelO00t/CCdJQUnHW5V34OnHMWzIktSalJxRO+FvytQlCQ==",
      "dev": true,
      "requires": {
        "errno": "0.1.6",
        "graceful-fs": "4.1.11",
        "image-size": "0.5.5",
        "mime": "1.6.0",
        "mkdirp": "0.5.1",
        "promise": "7.3.1",
        "request": "2.81.0",
        "source-map": "0.5.7"
      }
    },
    "less-middleware": {
      "version": "2.2.1",
      "resolved": "https://registry.npmjs.org/less-middleware/-/less-middleware-2.2.1.tgz",
      "integrity": "sha512-1fDsyifwRGObMmqaZhkTDAmVnvgpZmdf6ZTSCbVv9vt+xhlzOz5TDNlLCbITsusEB3d0OKOEadwN9ic3PyOWCg==",
      "dev": true,
      "requires": {
        "less": "2.7.3",
        "mkdirp": "0.5.1",
        "node.extend": "2.0.0"
      }
    },
    "less-plugin-clean-css": {
      "version": "1.5.1",
      "resolved": "https://registry.npmjs.org/less-plugin-clean-css/-/less-plugin-clean-css-1.5.1.tgz",
      "integrity": "sha1-zFeveqM5iVflbezr5jy2DCNClwM=",
      "dev": true,
      "requires": {
        "clean-css": "3.4.26"
      }
    },
    "material-components-web": {
      "version": "0.28.0",
      "resolved": "https://registry.npmjs.org/material-components-web/-/material-components-web-0.28.0.tgz",
      "integrity": "sha512-szQhEA9L1eOx9DzW4WYQeYobLMpp39H7ZOkSkLGac/jSWxuUipDD7sbTB22gHTiflm6YgZGiSwvOnY2ZiryifQ==",
      "requires": {
        "@material/animation": "0.25.0",
        "@material/auto-init": "0.25.0",
        "@material/base": "0.24.0",
        "@material/button": "0.28.0",
        "@material/card": "0.28.0",
        "@material/checkbox": "0.28.0",
        "@material/dialog": "0.28.0",
        "@material/drawer": "0.28.0",
        "@material/elevation": "0.28.0",
        "@material/fab": "0.28.0",
        "@material/form-field": "0.28.0",
        "@material/grid-list": "0.28.0",
        "@material/icon-toggle": "0.28.0",
        "@material/layout-grid": "0.24.0",
        "@material/linear-progress": "0.28.0",
        "@material/list": "0.28.0",
        "@material/menu": "0.28.0",
        "@material/radio": "0.28.0",
        "@material/ripple": "0.28.0",
        "@material/rtl": "0.1.8",
        "@material/select": "0.28.0",
        "@material/selection-control": "0.28.0",
        "@material/slider": "0.28.0",
        "@material/snackbar": "0.28.0",
        "@material/switch": "0.28.0",
        "@material/tabs": "0.28.0",
        "@material/textfield": "0.28.0",
        "@material/theme": "0.28.0",
        "@material/toolbar": "0.28.0",
        "@material/typography": "0.28.0"
      }
    },
    "mime": {
      "version": "1.6.0",
      "resolved": "https://registry.npmjs.org/mime/-/mime-1.6.0.tgz",
      "integrity": "sha512-x0Vn8spI+wuJ1O6S7gnbaQg8Pxh4NNHb7KSINmEWKiPE4RKOplvijn+NkmYmmRgP68mc70j2EbeTFRsrswaQeg==",
      "dev": true,
      "optional": true
    },
    "mime-db": {
      "version": "1.30.0",
      "resolved": "https://registry.npmjs.org/mime-db/-/mime-db-1.30.0.tgz",
      "integrity": "sha1-dMZD2i3Z1qRTmZY0ZbJtXKfXHwE=",
      "dev": true
    },
    "mime-types": {
      "version": "2.1.17",
      "resolved": "https://registry.npmjs.org/mime-types/-/mime-types-2.1.17.tgz",
      "integrity": "sha1-Cdejk/A+mVp5+K+Fe3Cp4KsWVXo=",
      "dev": true,
      "requires": {
        "mime-db": "1.30.0"
      }
    },
    "minimatch": {
      "version": "3.0.4",
      "resolved": "https://registry.npmjs.org/minimatch/-/minimatch-3.0.4.tgz",
      "integrity": "sha512-yJHVQEhyqPLUTgt9B83PXu6W3rx4MvvHvSUvToogpwoGDOUQ+yDrR0HRot+yOCdCO7u4hX3pWft6kWBBcqh0UA==",
      "dev": true,
      "requires": {
        "brace-expansion": "1.1.8"
      }
    },
    "minimist": {
      "version": "0.0.8",
      "resolved": "https://registry.npmjs.org/minimist/-/minimist-0.0.8.tgz",
      "integrity": "sha1-hX/Kv8M5fSYluCKCYuhqp6ARsF0=",
      "dev": true
    },
    "mkdirp": {
      "version": "0.5.1",
      "resolved": "https://registry.npmjs.org/mkdirp/-/mkdirp-0.5.1.tgz",
      "integrity": "sha1-MAV0OOrGz3+MR2fzhkjWaX11yQM=",
      "dev": true,
      "requires": {
        "minimist": "0.0.8"
      }
    },
    "mocha": {
      "version": "4.1.0",
      "resolved": "https://registry.npmjs.org/mocha/-/mocha-4.1.0.tgz",
      "integrity": "sha512-0RVnjg1HJsXY2YFDoTNzcc1NKhYuXKRrBAG2gDygmJJA136Cs2QlRliZG1mA0ap7cuaT30mw16luAeln+4RiNA==",
      "dev": true,
      "requires": {
        "browser-stdout": "1.3.0",
        "commander": "2.11.0",
        "debug": "3.1.0",
        "diff": "3.3.1",
        "escape-string-regexp": "1.0.5",
        "glob": "7.1.2",
        "growl": "1.10.3",
        "he": "1.1.1",
        "mkdirp": "0.5.1",
        "supports-color": "4.4.0"
      },
      "dependencies": {
        "commander": {
          "version": "2.11.0",
          "resolved": "https://registry.npmjs.org/commander/-/commander-2.11.0.tgz",
          "integrity": "sha512-b0553uYA5YAEGgyYIGYROzKQ7X5RAqedkfjiZxwi0kL1g3bOaBNNZfYkzt/CL0umgD5wc9Jec2FbB98CjkMRvQ==",
          "dev": true
        },
        "supports-color": {
          "version": "4.4.0",
          "resolved": "https://registry.npmjs.org/supports-color/-/supports-color-4.4.0.tgz",
          "integrity": "sha512-rKC3+DyXWgK0ZLKwmRsrkyHVZAjNkfzeehuFWdGGcqGDTZFH73+RH6S/RDAAxl9GusSjZSUWYLmT9N5pzXFOXQ==",
          "dev": true,
          "requires": {
            "has-flag": "2.0.0"
          }
        }
      }
    },
    "ms": {
      "version": "2.0.0",
      "resolved": "https://registry.npmjs.org/ms/-/ms-2.0.0.tgz",
      "integrity": "sha1-VgiurfwAvmwpAd9fmGF4jeDVl8g=",
      "dev": true
    },
    "node.extend": {
      "version": "2.0.0",
      "resolved": "https://registry.npmjs.org/node.extend/-/node.extend-2.0.0.tgz",
      "integrity": "sha1-dSWih1Z36lNHhKXhCseJVhOWFN8=",
      "dev": true,
      "requires": {
        "is": "3.2.1"
      }
    },
    "oauth-sign": {
      "version": "0.8.2",
      "resolved": "https://registry.npmjs.org/oauth-sign/-/oauth-sign-0.8.2.tgz",
      "integrity": "sha1-Rqarfwrq2N6unsBWV4C31O/rnUM=",
      "dev": true,
      "optional": true
    },
    "once": {
      "version": "1.4.0",
      "resolved": "https://registry.npmjs.org/once/-/once-1.4.0.tgz",
      "integrity": "sha1-WDsap3WWHUsROsF9nFC6753Xa9E=",
      "dev": true,
      "requires": {
        "wrappy": "1.0.2"
      }
    },
    "path-is-absolute": {
      "version": "1.0.1",
      "resolved": "https://registry.npmjs.org/path-is-absolute/-/path-is-absolute-1.0.1.tgz",
      "integrity": "sha1-F0uSaHNVNP+8es5r9TpanhtcX18=",
      "dev": true
    },
    "performance-now": {
      "version": "0.2.0",
      "resolved": "https://registry.npmjs.org/performance-now/-/performance-now-0.2.0.tgz",
      "integrity": "sha1-M+8wxcd9TqIcWlOGnZG1bY8lVeU=",
      "dev": true,
      "optional": true
    },
    "process-nextick-args": {
      "version": "1.0.7",
      "resolved": "https://registry.npmjs.org/process-nextick-args/-/process-nextick-args-1.0.7.tgz",
      "integrity": "sha1-FQ4gt1ZZCtP5EJPyWk8q2L/zC6M=",
      "dev": true
    },
    "promise": {
      "version": "7.3.1",
      "resolved": "https://registry.npmjs.org/promise/-/promise-7.3.1.tgz",
      "integrity": "sha512-nolQXZ/4L+bP/UGlkfaIujX9BKxGwmQ9OT4mOt5yvy8iK1h3wqTEJCijzGANTCCl9nWjY41juyAn2K3Q1hLLTg==",
      "dev": true,
      "optional": true,
      "requires": {
        "asap": "2.0.6"
      }
    },
    "prr": {
      "version": "1.0.1",
      "resolved": "https://registry.npmjs.org/prr/-/prr-1.0.1.tgz",
      "integrity": "sha1-0/wRS6BplaRexok/SEzrHXj19HY=",
      "dev": true,
      "optional": true
    },
    "punycode": {
      "version": "1.4.1",
      "resolved": "https://registry.npmjs.org/punycode/-/punycode-1.4.1.tgz",
      "integrity": "sha1-wNWmOycYgArY4esPpSachN1BhF4=",
      "dev": true,
      "optional": true
    },
    "qs": {
      "version": "6.4.0",
      "resolved": "https://registry.npmjs.org/qs/-/qs-6.4.0.tgz",
      "integrity": "sha1-E+JtKK1rD/qpExLNO/cI7TUecjM=",
      "dev": true,
      "optional": true
    },
    "ramda": {
      "version": "0.23.0",
      "resolved": "https://registry.npmjs.org/ramda/-/ramda-0.23.0.tgz",
      "integrity": "sha1-zNE//3NJepOXTj6GMnv9h71ujis=",
      "dev": true
    },
    "readable-stream": {
      "version": "2.3.3",
      "resolved": "https://registry.npmjs.org/readable-stream/-/readable-stream-2.3.3.tgz",
      "integrity": "sha512-m+qzzcn7KUxEmd1gMbchF+Y2eIUbieUaxkWtptyHywrX0rE8QEYqPC07Vuy4Wm32/xE16NcdBctb8S0Xe/5IeQ==",
      "dev": true,
      "requires": {
        "core-util-is": "1.0.2",
        "inherits": "2.0.3",
        "isarray": "1.0.0",
        "process-nextick-args": "1.0.7",
        "safe-buffer": "5.1.1",
        "string_decoder": "1.0.3",
        "util-deprecate": "1.0.2"
      }
    },
    "remove-trailing-separator": {
      "version": "1.1.0",
      "resolved": "https://registry.npmjs.org/remove-trailing-separator/-/remove-trailing-separator-1.1.0.tgz",
      "integrity": "sha1-wkvOKig62tW8P1jg1IJJuSN52O8=",
      "dev": true
    },
    "replace-ext": {
      "version": "1.0.0",
      "resolved": "https://registry.npmjs.org/replace-ext/-/replace-ext-1.0.0.tgz",
      "integrity": "sha1-3mMSg3P8v3w8z6TeWkgMRaZ5WOs=",
      "dev": true
    },
    "request": {
      "version": "2.81.0",
      "resolved": "https://registry.npmjs.org/request/-/request-2.81.0.tgz",
      "integrity": "sha1-xpKJRqDgbF+Nb4qTM0af/aRimKA=",
      "dev": true,
      "optional": true,
      "requires": {
        "aws-sign2": "0.6.0",
        "aws4": "1.6.0",
        "caseless": "0.12.0",
        "combined-stream": "1.0.5",
        "extend": "3.0.1",
        "forever-agent": "0.6.1",
        "form-data": "2.1.4",
        "har-validator": "4.2.1",
        "hawk": "3.1.3",
        "http-signature": "1.1.1",
        "is-typedarray": "1.0.0",
        "isstream": "0.1.2",
        "json-stringify-safe": "5.0.1",
        "mime-types": "2.1.17",
        "oauth-sign": "0.8.2",
        "performance-now": "0.2.0",
        "qs": "6.4.0",
        "safe-buffer": "5.1.1",
        "stringstream": "0.0.5",
        "tough-cookie": "2.3.3",
        "tunnel-agent": "0.6.0",
        "uuid": "3.1.0"
      }
    },
    "safe-buffer": {
      "version": "5.1.1",
      "resolved": "https://registry.npmjs.org/safe-buffer/-/safe-buffer-5.1.1.tgz",
      "integrity": "sha512-kKvNJn6Mm93gAczWVJg7wH+wGYWNrDHdWvpUmHyEsgCtIwwo3bqPtV4tR5tuPaUhTOo/kvhVwd8XwwOllGYkbg==",
      "dev": true
    },
    "simple-typechecks": {
      "version": "1.0.0",
      "resolved": "https://registry.npmjs.org/simple-typechecks/-/simple-typechecks-1.0.0.tgz",
      "integrity": "sha1-s4m3tLAgZyEo0sg2ImD2M6dGc34=",
      "dev": true
    },
    "sntp": {
      "version": "1.0.9",
      "resolved": "https://registry.npmjs.org/sntp/-/sntp-1.0.9.tgz",
      "integrity": "sha1-ZUEYTMkK7qbG57NeJlkIJEPGYZg=",
      "dev": true,
      "optional": true,
      "requires": {
        "hoek": "2.16.3"
      }
    },
    "source-map": {
      "version": "0.5.7",
      "resolved": "https://registry.npmjs.org/source-map/-/source-map-0.5.7.tgz",
      "integrity": "sha1-igOdLRAh0i0eoUyA2OpGi6LvP8w=",
      "dev": true
    },
    "sshpk": {
      "version": "1.13.1",
      "resolved": "https://registry.npmjs.org/sshpk/-/sshpk-1.13.1.tgz",
      "integrity": "sha1-US322mKHFEMW3EwY/hzx2UBzm+M=",
      "dev": true,
      "optional": true,
      "requires": {
        "asn1": "0.2.3",
        "assert-plus": "1.0.0",
        "bcrypt-pbkdf": "1.0.1",
        "dashdash": "1.14.1",
        "ecc-jsbn": "0.1.1",
        "getpass": "0.1.7",
        "jsbn": "0.1.1",
        "tweetnacl": "0.14.5"
      },
      "dependencies": {
        "assert-plus": {
          "version": "1.0.0",
          "resolved": "https://registry.npmjs.org/assert-plus/-/assert-plus-1.0.0.tgz",
          "integrity": "sha1-8S4PPF13sLHN2RRpQuTpbB5N1SU=",
          "dev": true,
          "optional": true
        }
      }
    },
    "string_decoder": {
      "version": "1.0.3",
      "resolved": "https://registry.npmjs.org/string_decoder/-/string_decoder-1.0.3.tgz",
      "integrity": "sha512-4AH6Z5fzNNBcH+6XDMfA/BTt87skxqJlO0lAh3Dker5zThcAxG6mKz+iGu308UKoPPQ8Dcqx/4JhujzltRa+hQ==",
      "dev": true,
      "requires": {
        "safe-buffer": "5.1.1"
      }
    },
    "stringstream": {
      "version": "0.0.5",
      "resolved": "https://registry.npmjs.org/stringstream/-/stringstream-0.0.5.tgz",
      "integrity": "sha1-TkhM1N5aC7vuGORjB3EKioFiGHg=",
      "dev": true,
      "optional": true
    },
    "strip-ansi": {
      "version": "3.0.1",
      "resolved": "https://registry.npmjs.org/strip-ansi/-/strip-ansi-3.0.1.tgz",
      "integrity": "sha1-ajhfuIU9lS1f8F0Oiq+UJ43GPc8=",
      "dev": true,
      "requires": {
        "ansi-regex": "2.1.1"
      }
    },
    "supports-color": {
      "version": "2.0.0",
      "resolved": "https://registry.npmjs.org/supports-color/-/supports-color-2.0.0.tgz",
      "integrity": "sha1-U10EXOa2Nj+kARcIRimZXp3zJMc=",
      "dev": true
    },
    "tabbable": {
      "version": "1.1.2",
      "resolved": "https://registry.npmjs.org/tabbable/-/tabbable-1.1.2.tgz",
      "integrity": "sha512-77oqsKEPrxIwgRcXUwipkj9W5ItO97L6eUT1Ar7vh+El16Zm4M6V+YU1cbipHEa6q0Yjw8O3Hoh8oRgatV5s7A=="
    },
    "through2": {
      "version": "2.0.3",
      "resolved": "https://registry.npmjs.org/through2/-/through2-2.0.3.tgz",
      "integrity": "sha1-AARWmzfHx0ujnEPzzteNGtlBQL4=",
      "dev": true,
      "requires": {
        "readable-stream": "2.3.3",
        "xtend": "4.0.1"
      }
    },
    "tough-cookie": {
      "version": "2.3.3",
      "resolved": "https://registry.npmjs.org/tough-cookie/-/tough-cookie-2.3.3.tgz",
      "integrity": "sha1-C2GKVWW23qkL80JdBNVe3EdadWE=",
      "dev": true,
      "optional": true,
      "requires": {
        "punycode": "1.4.1"
      }
    },
    "tunnel-agent": {
      "version": "0.6.0",
      "resolved": "https://registry.npmjs.org/tunnel-agent/-/tunnel-agent-0.6.0.tgz",
      "integrity": "sha1-J6XeoGs2sEoKmWZ3SykIaPD8QP0=",
      "dev": true,
      "optional": true,
      "requires": {
        "safe-buffer": "5.1.1"
      }
    },
    "tweetnacl": {
      "version": "0.14.5",
      "resolved": "https://registry.npmjs.org/tweetnacl/-/tweetnacl-0.14.5.tgz",
      "integrity": "sha1-WuaBd/GS1EViadEIr6k/+HQ/T2Q=",
      "dev": true,
      "optional": true
    },
    "util-deprecate": {
      "version": "1.0.2",
      "resolved": "https://registry.npmjs.org/util-deprecate/-/util-deprecate-1.0.2.tgz",
      "integrity": "sha1-RQ1Nyfpw3nMnYvvS1KKJgUGaDM8=",
      "dev": true
    },
    "uuid": {
      "version": "3.1.0",
      "resolved": "https://registry.npmjs.org/uuid/-/uuid-3.1.0.tgz",
      "integrity": "sha512-DIWtzUkw04M4k3bf1IcpS2tngXEL26YUD2M0tMDUpnUrz2hgzUBlD55a4FjdLGPvfHxS6uluGWvaVEqgBcVa+g==",
      "dev": true,
      "optional": true
    },
    "verror": {
      "version": "1.10.0",
      "resolved": "https://registry.npmjs.org/verror/-/verror-1.10.0.tgz",
      "integrity": "sha1-OhBcoXBTr1XW4nDB+CiGguGNpAA=",
      "dev": true,
      "optional": true,
      "requires": {
        "assert-plus": "1.0.0",
        "core-util-is": "1.0.2",
        "extsprintf": "1.3.0"
      },
      "dependencies": {
        "assert-plus": {
          "version": "1.0.0",
          "resolved": "https://registry.npmjs.org/assert-plus/-/assert-plus-1.0.0.tgz",
          "integrity": "sha1-8S4PPF13sLHN2RRpQuTpbB5N1SU=",
          "dev": true,
          "optional": true
        }
      }
    },
    "vinyl": {
      "version": "2.1.0",
      "resolved": "https://registry.npmjs.org/vinyl/-/vinyl-2.1.0.tgz",
      "integrity": "sha1-Ah+cLPlR1rk5lDyJ617lrdT9kkw=",
      "dev": true,
      "requires": {
        "clone": "2.1.1",
        "clone-buffer": "1.0.0",
        "clone-stats": "1.0.0",
        "cloneable-readable": "1.0.0",
        "remove-trailing-separator": "1.1.0",
        "replace-ext": "1.0.0"
      }
    },
    "vinyl-sourcemaps-apply": {
      "version": "0.2.1",
      "resolved": "https://registry.npmjs.org/vinyl-sourcemaps-apply/-/vinyl-sourcemaps-apply-0.2.1.tgz",
      "integrity": "sha1-q2VJ1h0XLCsbh75cUI0jnI74dwU=",
      "dev": true,
      "requires": {
        "source-map": "0.5.7"
      }
    },
    "wrappy": {
      "version": "1.0.2",
      "resolved": "https://registry.npmjs.org/wrappy/-/wrappy-1.0.2.tgz",
      "integrity": "sha1-tSQ9jz7BqjXxNkYFvA0QNuMKtp8=",
      "dev": true
    },
    "xtend": {
      "version": "4.0.1",
      "resolved": "https://registry.npmjs.org/xtend/-/xtend-4.0.1.tgz",
      "integrity": "sha1-pcbVMr5lbiPbgg77lDofBJmNY68=",
      "dev": true
    }
  }
}
